{
  "lockfileVersion": 2,
  "configVersion": 1,
  "workspaces": {
    "": {
      "dependencies": {
        "@opencode-ai/pty-linux-arm64-musl": "0.1.13",
      },
    },
  },
  "packages": {
    "@opencode-ai/pty-linux-arm64-musl": ["@opencode-ai/pty-linux-arm64-musl@0.1.13", "", { "os": "linux", "cpu": "arm64" }, "sha512-feWsfKpaDytGJzutoK43GqQwVghG2vHZt6BE/ydPZNuqIrySQ/6JfliUAMwn5BWs/Ky7ouSwKHCyAVeukusSvg=="],
  }
}
